
Microsoft Visual Studio Solution File, Format Version 12.00
# Visual Studio Version 16
VisualStudioVersion = 16.0.35325.158
MinimumVisualStudioVersion = 10.0.40219.1
Project("{FAE04EC0-301F-11D3-BF4B-00C04F79EFBC}") = "TechtonicFramework", "TechtonicFramework\TechtonicFramework.csproj", "{98299277-9B0C-4DE5-A2CC-BD5692839272}"
EndProject
Global
	GlobalSection(SolutionConfigurationPlatforms) = preSolution
		Debug|Any CPU = Debug|Any CPU
		Release|Any CPU = Release|Any CPU
	EndGlobalSection
	GlobalSection(ProjectConfigurationPlatforms) = postSolution
		{98299277-9B0C-4DE5-A2CC-BD5692839272}.Debug|Any CPU.ActiveCfg = Debug|Any CPU
		{98299277-9B0C-4DE5-A2CC-BD5692839272}.Debug|Any CPU.Build.0 = Debug|Any CPU
		{98299277-9B0C-4DE5-A2CC-BD5692839272}.Release|Any CPU.ActiveCfg = Release|Any CPU
		{98299277-9B0C-4DE5-A2CC-BD5692839272}.Release|Any CPU.Build.0 = Release|Any CPU
	EndGlobalSection
	GlobalSection(SolutionProperties) = preSolution
		HideSolutionNode = FALSE
	EndGlobalSection
	GlobalSection(ExtensibilityGlobals) = postSolution
		SolutionGuid = {EAD14D8F-E435-4B5E-B732-B7B7B5E6E225}
	EndGlobalSection
EndGlobal
